PODS:
  - Alamofire (4.6.0)
  - AlamofireNetworkActivityIndicator (2.2.0):
    - Alamofire (~> 4.5)
  - Crashlytics (3.10.0):
    - Fabric (~> 1.7.3)
  - Fabric (1.7.3)
  - MVVM-Swift (1.1.0)
  - ObjectMapper (3.5.1)
  - Realm (3.17.3):
    - Realm/Headers (= 3.17.3)
  - Realm/Headers (3.17.3)
  - RealmSwift (3.17.3):
    - Realm (= 3.17.3)
  - SDWebImage (5.1.0):
    - SDWebImage/Core (= 5.1.0)
  - SDWebImage/Core (5.1.0)
  - SVProgressHUD (2.2.5)
  - SwiftDate (4.5.0)
  - SwiftUtils (4.0.1)
  - SwiftyJSON (4.3.0)

DEPENDENCIES:
  - Alamofire (= 4.6.0)
  - AlamofireNetworkActivityIndicator (= 2.2.0)
  - Crashlytics
  - Fabric
  - MVVM-Swift (= 1.1.0)
  - ObjectMapper (~> 3.4)
  - RealmSwift
  - SDWebImage (~> 5.0)
  - SVProgressHUD
  - SwiftDate (= 4.5.0)
  - SwiftUtils (= 4.0.1)
  - SwiftyJSON (~> 4.0)

SPEC REPOS:
  https://github.com/cocoapods/specs.git:
    - Alamofire
    - AlamofireNetworkActivityIndicator
    - Crashlytics
    - Fabric
    - MVVM-Swift
    - ObjectMapper
    - Realm
    - RealmSwift
    - SDWebImage
    - SVProgressHUD
    - SwiftDate
    - SwiftUtils
    - SwiftyJSON

SPEC CHECKSUMS:
  Alamofire: f41a599bd63041760b26d393ec1069d9d7b917f4
  AlamofireNetworkActivityIndicator: 81e1630e7cfed22a4e4e82a174c59e651dc4f8ca
  Crashlytics: a989ef242b66605577a425733797f810bd2725eb
  Fabric: bb495bb9a7a7677c6d03a1f8b83d95bc49b47e41
  MVVM-Swift: 54749cc12bb30af41632f30a2c576a18bf9e4bc8
  ObjectMapper: 70187b8941977c62ccfb423caf6b50be405cabf0
  Realm: 5a1d9d47bfc101dd597668b1a8af4288a2557f6d
  RealmSwift: b7fdc2d18616621c31df5c7a398a45a2163f8eb0
  SDWebImage: fb387001955223213dde14bc08c8b73f371f8d8f
  SVProgressHUD: 1428aafac632c1f86f62aa4243ec12008d7a51d6
  SwiftDate: 17dd829c004a2d60432ef63ffcdb26ca2eb97a60
  SwiftUtils: b009d391fb2e285392f114238f8b55d2750b80f0
  SwiftyJSON: 6faa0040f8b59dead0ee07436cbf76b73c08fd08

PODFILE CHECKSUM: 64204a9be0e0b137b745729dd90290b6868c0c56

COCOAPODS: 1.7.5
